
Microsoft Visual Studio Solution File, Format Version 12.00
# Visual Studio Version 17
VisualStudioVersion = 17.11.35222.181
MinimumVisualStudioVersion = 10.0.40219.1
Project("{FAE04EC0-301F-11D3-BF4B-00C04F79EFBC}") = "lista7", "lista7\lista7.csproj", "{402F940C-9E6E-4366-80BF-D38B4C6A8EB2}"
EndProject
Global
	GlobalSection(SolutionConfigurationPlatforms) = preSolution
		Debug|Any CPU = Debug|Any CPU
		Release|Any CPU = Release|Any CPU
	EndGlobalSection
	GlobalSection(ProjectConfigurationPlatforms) = postSolution
		{402F940C-9E6E-4366-80BF-D38B4C6A8EB2}.Debug|Any CPU.ActiveCfg = Debug|Any CPU
		{402F940C-9E6E-4366-80BF-D38B4C6A8EB2}.Debug|Any CPU.Build.0 = Debug|Any CPU
		{402F940C-9E6E-4366-80BF-D38B4C6A8EB2}.Release|Any CPU.ActiveCfg = Release|Any CPU
		{402F940C-9E6E-4366-80BF-D38B4C6A8EB2}.Release|Any CPU.Build.0 = Release|Any CPU
	EndGlobalSection
	GlobalSection(SolutionProperties) = preSolution
		HideSolutionNode = FALSE
	EndGlobalSection
	GlobalSection(ExtensibilityGlobals) = postSolution
		SolutionGuid = {783A8016-60D3-4F68-8DBB-9482A82DD79A}
	EndGlobalSection
EndGlobal
